
Microsoft Visual Studio Solution File, Format Version 11.00
# Visual Studio 2010
Project("{FAE04EC0-301F-11D3-BF4B-00C04F79EFBC}") = "CSharp160716", "CSharp160716.csproj", "{EDD9CD32-9D76-496B-B7F3-B872E03ED30C}"
EndProject
Global
	GlobalSection(SolutionConfigurationPlatforms) = preSolution
		Debug|x86 = Debug|x86
		Release|x86 = Release|x86
	EndGlobalSection
	GlobalSection(ProjectConfigurationPlatforms) = postSolution
		{EDD9CD32-9D76-496B-B7F3-B872E03ED30C}.Debug|x86.ActiveCfg = Debug|x86
		{EDD9CD32-9D76-496B-B7F3-B872E03ED30C}.Debug|x86.Build.0 = Debug|x86
		{EDD9CD32-9D76-496B-B7F3-B872E03ED30C}.Release|x86.ActiveCfg = Release|x86
		{EDD9CD32-9D76-496B-B7F3-B872E03ED30C}.Release|x86.Build.0 = Release|x86
	EndGlobalSection
	GlobalSection(SolutionProperties) = preSolution
		HideSolutionNode = FALSE
	EndGlobalSection
EndGlobal
