
Microsoft Visual Studio Solution File, Format Version 11.00
# Visual Studio 2010
Project("{FAE04EC0-301F-11D3-BF4B-00C04F79EFBC}") = "CSharp180716_E5", "CSharp180716_E5.csproj", "{2ED630ED-BD2E-4E28-A418-0FE04917446F}"
EndProject
Global
	GlobalSection(SolutionConfigurationPlatforms) = preSolution
		Debug|x86 = Debug|x86
		Release|x86 = Release|x86
	EndGlobalSection
	GlobalSection(ProjectConfigurationPlatforms) = postSolution
		{2ED630ED-BD2E-4E28-A418-0FE04917446F}.Debug|x86.ActiveCfg = Debug|x86
		{2ED630ED-BD2E-4E28-A418-0FE04917446F}.Debug|x86.Build.0 = Debug|x86
		{2ED630ED-BD2E-4E28-A418-0FE04917446F}.Release|x86.ActiveCfg = Release|x86
		{2ED630ED-BD2E-4E28-A418-0FE04917446F}.Release|x86.Build.0 = Release|x86
	EndGlobalSection
	GlobalSection(SolutionProperties) = preSolution
		HideSolutionNode = FALSE
	EndGlobalSection
EndGlobal
