
Microsoft Visual Studio Solution File, Format Version 11.00
# Visual Studio 2010
Project("{FAE04EC0-301F-11D3-BF4B-00C04F79EFBC}") = "ThreeDProject8", "ThreeDProject8\ThreeDProject8.csproj", "{07C17278-DF81-4860-B8BB-86D84DDB3DDC}"
EndProject
Global
	GlobalSection(SolutionConfigurationPlatforms) = preSolution
		Debug|x86 = Debug|x86
		Release|x86 = Release|x86
	EndGlobalSection
	GlobalSection(ProjectConfigurationPlatforms) = postSolution
		{07C17278-DF81-4860-B8BB-86D84DDB3DDC}.Debug|x86.ActiveCfg = Debug|x86
		{07C17278-DF81-4860-B8BB-86D84DDB3DDC}.Debug|x86.Build.0 = Debug|x86
		{07C17278-DF81-4860-B8BB-86D84DDB3DDC}.Release|x86.ActiveCfg = Release|x86
		{07C17278-DF81-4860-B8BB-86D84DDB3DDC}.Release|x86.Build.0 = Release|x86
	EndGlobalSection
	GlobalSection(SolutionProperties) = preSolution
		HideSolutionNode = FALSE
	EndGlobalSection
EndGlobal
