
Microsoft Visual Studio Solution File, Format Version 11.00
# Visual Studio 2010
Project("{FAE04EC0-301F-11D3-BF4B-00C04F79EFBC}") = "CSharp200716_E1", "CSharp200716_E1.csproj", "{64FFB71F-4962-4C3D-873D-C1AD3C5B56CD}"
EndProject
Global
	GlobalSection(SolutionConfigurationPlatforms) = preSolution
		Debug|x86 = Debug|x86
		Release|x86 = Release|x86
	EndGlobalSection
	GlobalSection(ProjectConfigurationPlatforms) = postSolution
		{64FFB71F-4962-4C3D-873D-C1AD3C5B56CD}.Debug|x86.ActiveCfg = Debug|x86
		{64FFB71F-4962-4C3D-873D-C1AD3C5B56CD}.Debug|x86.Build.0 = Debug|x86
		{64FFB71F-4962-4C3D-873D-C1AD3C5B56CD}.Release|x86.ActiveCfg = Release|x86
		{64FFB71F-4962-4C3D-873D-C1AD3C5B56CD}.Release|x86.Build.0 = Release|x86
	EndGlobalSection
	GlobalSection(SolutionProperties) = preSolution
		HideSolutionNode = FALSE
	EndGlobalSection
EndGlobal
