
Microsoft Visual Studio Solution File, Format Version 11.00
# Visual Studio 2010
Project("{FAE04EC0-301F-11D3-BF4B-00C04F79EFBC}") = "CSharp200716_E7", "CSharp200716_E7.csproj", "{5B1C067E-960A-44AF-8A19-242FDF1218D5}"
EndProject
Global
	GlobalSection(SolutionConfigurationPlatforms) = preSolution
		Debug|x86 = Debug|x86
		Release|x86 = Release|x86
	EndGlobalSection
	GlobalSection(ProjectConfigurationPlatforms) = postSolution
		{5B1C067E-960A-44AF-8A19-242FDF1218D5}.Debug|x86.ActiveCfg = Debug|x86
		{5B1C067E-960A-44AF-8A19-242FDF1218D5}.Debug|x86.Build.0 = Debug|x86
		{5B1C067E-960A-44AF-8A19-242FDF1218D5}.Release|x86.ActiveCfg = Release|x86
		{5B1C067E-960A-44AF-8A19-242FDF1218D5}.Release|x86.Build.0 = Release|x86
	EndGlobalSection
	GlobalSection(SolutionProperties) = preSolution
		HideSolutionNode = FALSE
	EndGlobalSection
EndGlobal
