
Microsoft Visual Studio Solution File, Format Version 11.00
# Visual Studio 2010
Project("{FAE04EC0-301F-11D3-BF4B-00C04F79EFBC}") = "CSharp210716_E2", "CSharp210716_E2.csproj", "{77BE5F02-4165-46EE-9963-99069962FF14}"
EndProject
Global
	GlobalSection(SolutionConfigurationPlatforms) = preSolution
		Debug|x86 = Debug|x86
		Release|x86 = Release|x86
	EndGlobalSection
	GlobalSection(ProjectConfigurationPlatforms) = postSolution
		{77BE5F02-4165-46EE-9963-99069962FF14}.Debug|x86.ActiveCfg = Debug|x86
		{77BE5F02-4165-46EE-9963-99069962FF14}.Debug|x86.Build.0 = Debug|x86
		{77BE5F02-4165-46EE-9963-99069962FF14}.Release|x86.ActiveCfg = Release|x86
		{77BE5F02-4165-46EE-9963-99069962FF14}.Release|x86.Build.0 = Release|x86
	EndGlobalSection
	GlobalSection(SolutionProperties) = preSolution
		HideSolutionNode = FALSE
	EndGlobalSection
EndGlobal
