
Microsoft Visual Studio Solution File, Format Version 11.00
# Visual Studio 2010
Project("{FAE04EC0-301F-11D3-BF4B-00C04F79EFBC}") = "CSharp250716_E4", "CSharp250716_E4.csproj", "{7634304F-E26F-4E37-87DE-658E1A612A2D}"
EndProject
Global
	GlobalSection(SolutionConfigurationPlatforms) = preSolution
		Debug|x86 = Debug|x86
		Release|x86 = Release|x86
	EndGlobalSection
	GlobalSection(ProjectConfigurationPlatforms) = postSolution
		{7634304F-E26F-4E37-87DE-658E1A612A2D}.Debug|x86.ActiveCfg = Debug|x86
		{7634304F-E26F-4E37-87DE-658E1A612A2D}.Debug|x86.Build.0 = Debug|x86
		{7634304F-E26F-4E37-87DE-658E1A612A2D}.Release|x86.ActiveCfg = Release|x86
		{7634304F-E26F-4E37-87DE-658E1A612A2D}.Release|x86.Build.0 = Release|x86
	EndGlobalSection
	GlobalSection(SolutionProperties) = preSolution
		HideSolutionNode = FALSE
	EndGlobalSection
EndGlobal
